{
  "name": "minecraft-scenes",
  "version": "1.0.0",
  "lockfileVersion": 3,
  "requires": true,
  "packages": {
    "": {
      "name": "minecraft-scenes",
      "version": "1.0.0",
      "dependencies": {
        "@enginehub/nbt-ts": "^1.3.5",
        "nbt": "^0.8.1"
      }
    },
    "node_modules/@enginehub/nbt-ts": {
      "version": "1.3.5",
      "resolved": "https://registry.npmjs.org/@enginehub/nbt-ts/-/nbt-ts-1.3.5.tgz",
      "integrity": "sha512-ijqrXyRKjc/iqMyhjtLU3lIHJqOoQ8hcTMnSYw6G7uhBByrjAb4sml5Xrak3dekpewWin+4RThsvcg0QollZLA==",
      "license": "MIT"
    },
    "node_modules/nbt": {
      "version": "0.8.1",
      "resolved": "https://registry.npmjs.org/nbt/-/nbt-0.8.1.tgz",
      "integrity": "sha512-jUNuLo/SM8vA7uW3pudnXgCOqd2187Vw9jSeyByKJCyGfxW9VIglKcSlBn8pfb/eS95Suv7eyDxvWGSNOK0dMw==",
      "license": "SEE LICENSE IN License.md"
    }
  }
}
